
Microsoft Visual Studio Solution File, Format Version 12.00
# Visual Studio Version 16
VisualStudioVersion = 16.0.29519.87
MinimumVisualStudioVersion = 10.0.40219.1
Project("{FAE04EC0-301F-11D3-BF4B-00C04F79EFBC}") = "Test1.8", "Test1.8\Test1.8.csproj", "{3C17A380-AEF7-41A3-8438-9CAAF0AB0162}"
EndProject
Global
	GlobalSection(SolutionConfigurationPlatforms) = preSolution
		Debug|Any CPU = Debug|Any CPU
		Release|Any CPU = Release|Any CPU
	EndGlobalSection
	GlobalSection(ProjectConfigurationPlatforms) = postSolution
		{3C17A380-AEF7-41A3-8438-9CAAF0AB0162}.Debug|Any CPU.ActiveCfg = Debug|Any CPU
		{3C17A380-AEF7-41A3-8438-9CAAF0AB0162}.Debug|Any CPU.Build.0 = Debug|Any CPU
		{3C17A380-AEF7-41A3-8438-9CAAF0AB0162}.Release|Any CPU.ActiveCfg = Release|Any CPU
		{3C17A380-AEF7-41A3-8438-9CAAF0AB0162}.Release|Any CPU.Build.0 = Release|Any CPU
	EndGlobalSection
	GlobalSection(SolutionProperties) = preSolution
		HideSolutionNode = FALSE
	EndGlobalSection
	GlobalSection(ExtensibilityGlobals) = postSolution
		SolutionGuid = {89E623CB-F61C-43D6-8847-6244A562ADE4}
	EndGlobalSection
EndGlobal
